// !$*UTF8*$!
{
	archiveVersion = 1;
	classes = {
	};
	objectVersion = 55;
	objects = {

/* Begin PBXBuildFile section */
		53BE30ED8A2E4FB4AA7ECB61 /* Pods_APOD.framework in Frameworks */ = {isa = PBXBuildFile; fileRef = 3625294DE4D6B7FA717233AF /* Pods_APOD.framework */; };
		8131631F276D8D090028CADC /* AFNetworkingHttpManager.m in Sources */ = {isa = PBXBuildFile; fileRef = 8131631E276D8D090028CADC /* AFNetworkingHttpManager.m */; };
		81316325276DA16D0028CADC /* ConfigServices.m in Sources */ = {isa = PBXBuildFile; fileRef = 81316324276DA16D0028CADC /* ConfigServices.m */; };
		81316328276DAE070028CADC /* ConfigUseCases.m in Sources */ = {isa = PBXBuildFile; fileRef = 81316327276DAE070028CADC /* ConfigUseCases.m */; };
		8131632C276DB4D20028CADC /* AstronomyPictureResponse.m in Sources */ = {isa = PBXBuildFile; fileRef = 8131632B276DB4D20028CADC /* AstronomyPictureResponse.m */; };
		8131633B276E86EC0028CADC /* PictureCollectionViewCell.m in Sources */ = {isa = PBXBuildFile; fileRef = 81316339276E86EC0028CADC /* PictureCollectionViewCell.m */; };
		8131633C276E86EC0028CADC /* PictureCollectionViewCell.xib in Resources */ = {isa = PBXBuildFile; fileRef = 8131633A276E86EC0028CADC /* PictureCollectionViewCell.xib */; };
		81316343276F43020028CADC /* PreviewViewController.m in Sources */ = {isa = PBXBuildFile; fileRef = 81316341276F43020028CADC /* PreviewViewController.m */; };
		81316344276F43020028CADC /* PreviewViewController.xib in Resources */ = {isa = PBXBuildFile; fileRef = 81316342276F43020028CADC /* PreviewViewController.xib */; };
		8131634D276F71DB0028CADC /* RetrievePictureDay.m in Sources */ = {isa = PBXBuildFile; fileRef = 8131634C276F71DB0028CADC /* RetrievePictureDay.m */; };
		81316351276F8FCB0028CADC /* DatePickerViewController.m in Sources */ = {isa = PBXBuildFile; fileRef = 8131634F276F8FCB0028CADC /* DatePickerViewController.m */; };
		81316352276F8FCB0028CADC /* DatePickerViewController.xib in Resources */ = {isa = PBXBuildFile; fileRef = 81316350276F8FCB0028CADC /* DatePickerViewController.xib */; };
		81608A62276AFBFF00AF2C88 /* AppDelegate.m in Sources */ = {isa = PBXBuildFile; fileRef = 81608A61276AFBFF00AF2C88 /* AppDelegate.m */; };
		81608A65276AFBFF00AF2C88 /* SceneDelegate.m in Sources */ = {isa = PBXBuildFile; fileRef = 81608A64276AFBFF00AF2C88 /* SceneDelegate.m */; };
		81608A6D276AFC0000AF2C88 /* Assets.xcassets in Resources */ = {isa = PBXBuildFile; fileRef = 81608A6C276AFC0000AF2C88 /* Assets.xcassets */; };
		81608A70276AFC0000AF2C88 /* LaunchScreen.storyboard in Resources */ = {isa = PBXBuildFile; fileRef = 81608A6E276AFC0000AF2C88 /* LaunchScreen.storyboard */; };
		81608A73276AFC0000AF2C88 /* main.m in Sources */ = {isa = PBXBuildFile; fileRef = 81608A72276AFC0000AF2C88 /* main.m */; };
		81608A7D276AFC0000AF2C88 /* APODTests.m in Sources */ = {isa = PBXBuildFile; fileRef = 81608A7C276AFC0000AF2C88 /* APODTests.m */; };
		81608A87276AFC0000AF2C88 /* APODUITests.m in Sources */ = {isa = PBXBuildFile; fileRef = 81608A86276AFC0000AF2C88 /* APODUITests.m */; };
		81608A89276AFC0000AF2C88 /* APODUITestsLaunchTests.m in Sources */ = {isa = PBXBuildFile; fileRef = 81608A88276AFC0000AF2C88 /* APODUITestsLaunchTests.m */; };
		81608AA2276B0D0200AF2C88 /* HomeViewController.m in Sources */ = {isa = PBXBuildFile; fileRef = 81608AA0276B0D0200AF2C88 /* HomeViewController.m */; };
		81608AA3276B0D0200AF2C88 /* HomeViewController.xib in Resources */ = {isa = PBXBuildFile; fileRef = 81608AA1276B0D0200AF2C88 /* HomeViewController.xib */; };
		81608AA6276B122F00AF2C88 /* AstronomyPicture.m in Sources */ = {isa = PBXBuildFile; fileRef = 81608AA5276B122F00AF2C88 /* AstronomyPicture.m */; };
		81BEA427276BF35A00059DCC /* RetrievePicturesWeek.m in Sources */ = {isa = PBXBuildFile; fileRef = 81BEA426276BF35A00059DCC /* RetrievePicturesWeek.m */; };
		81BEA42C276BF74C00059DCC /* APODService.m in Sources */ = {isa = PBXBuildFile; fileRef = 81BEA42B276BF74C00059DCC /* APODService.m */; };
		91DFC9C241E95F3CDCA21254 /* Pods_APOD_APODUITests.framework in Frameworks */ = {isa = PBXBuildFile; fileRef = DA07745D3892BF9427EC6D62 /* Pods_APOD_APODUITests.framework */; };
		CD200C70EEF0555051C9523A /* Pods_APODTests.framework in Frameworks */ = {isa = PBXBuildFile; fileRef = 0E38507D999D1B938F7B5976 /* Pods_APODTests.framework */; };
/* End PBXBuildFile section */

/* Begin PBXContainerItemProxy section */
		81608A79276AFC0000AF2C88 /* PBXContainerItemProxy */ = {
			isa = PBXContainerItemProxy;
			containerPortal = 81608A55276AFBFF00AF2C88 /* Project object */;
			proxyType = 1;
			remoteGlobalIDString = 81608A5C276AFBFF00AF2C88;
			remoteInfo = APOD;
		};
		81608A83276AFC0000AF2C88 /* PBXContainerItemProxy */ = {
			isa = PBXContainerItemProxy;
			containerPortal = 81608A55276AFBFF00AF2C88 /* Project object */;
			proxyType = 1;
			remoteGlobalIDString = 81608A5C276AFBFF00AF2C88;
			remoteInfo = APOD;
		};
/* End PBXContainerItemProxy section */

/* Begin PBXFileReference section */
		0E38507D999D1B938F7B5976 /* Pods_APODTests.framework */ = {isa = PBXFileReference; explicitFileType = wrapper.framework; includeInIndex = 0; path = Pods_APODTests.framework; sourceTree = BUILT_PRODUCTS_DIR; };
		3625294DE4D6B7FA717233AF /* Pods_APOD.framework */ = {isa = PBXFileReference; explicitFileType = wrapper.framework; includeInIndex = 0; path = Pods_APOD.framework; sourceTree = BUILT_PRODUCTS_DIR; };
		4A8B02CA0F41911E75D93ABA /* Pods-APOD-APODUITests.debug.xcconfig */ = {isa = PBXFileReference; includeInIndex = 1; lastKnownFileType = text.xcconfig; name = "Pods-APOD-APODUITests.debug.xcconfig"; path = "Target Support Files/Pods-APOD-APODUITests/Pods-APOD-APODUITests.debug.xcconfig"; sourceTree = "<group>"; };
		4EAB0BBA2D4A86CA1CF96073 /* Pods-APODTests.debug.xcconfig */ = {isa = PBXFileReference; includeInIndex = 1; lastKnownFileType = text.xcconfig; name = "Pods-APODTests.debug.xcconfig"; path = "Target Support Files/Pods-APODTests/Pods-APODTests.debug.xcconfig"; sourceTree = "<group>"; };
		7826894C934D0C57FCFB80DF /* Pods-APOD.debug.xcconfig */ = {isa = PBXFileReference; includeInIndex = 1; lastKnownFileType = text.xcconfig; name = "Pods-APOD.debug.xcconfig"; path = "Target Support Files/Pods-APOD/Pods-APOD.debug.xcconfig"; sourceTree = "<group>"; };
		7909C7237619373BE2A278CE /* Pods-APOD.release.xcconfig */ = {isa = PBXFileReference; includeInIndex = 1; lastKnownFileType = text.xcconfig; name = "Pods-APOD.release.xcconfig"; path = "Target Support Files/Pods-APOD/Pods-APOD.release.xcconfig"; sourceTree = "<group>"; };
		8131631D276D8D090028CADC /* AFNetworkingHttpManager.h */ = {isa = PBXFileReference; lastKnownFileType = sourcecode.c.h; path = AFNetworkingHttpManager.h; sourceTree = "<group>"; };
		8131631E276D8D090028CADC /* AFNetworkingHttpManager.m */ = {isa = PBXFileReference; lastKnownFileType = sourcecode.c.objc; path = AFNetworkingHttpManager.m; sourceTree = "<group>"; };
		81316320276D8DF80028CADC /* HttpRequestManagerDelegate.h */ = {isa = PBXFileReference; lastKnownFileType = sourcecode.c.h; path = HttpRequestManagerDelegate.h; sourceTree = "<group>"; };
		81316323276DA16D0028CADC /* ConfigServices.h */ = {isa = PBXFileReference; lastKnownFileType = sourcecode.c.h; path = ConfigServices.h; sourceTree = "<group>"; };
		81316324276DA16D0028CADC /* ConfigServices.m */ = {isa = PBXFileReference; lastKnownFileType = sourcecode.c.objc; path = ConfigServices.m; sourceTree = "<group>"; };
		81316326276DAE070028CADC /* ConfigUseCases.h */ = {isa = PBXFileReference; lastKnownFileType = sourcecode.c.h; path = ConfigUseCases.h; sourceTree = "<group>"; };
		81316327276DAE070028CADC /* ConfigUseCases.m */ = {isa = PBXFileReference; lastKnownFileType = sourcecode.c.objc; path = ConfigUseCases.m; sourceTree = "<group>"; };
		8131632A276DB4D20028CADC /* AstronomyPictureResponse.h */ = {isa = PBXFileReference; lastKnownFileType = sourcecode.c.h; path = AstronomyPictureResponse.h; sourceTree = "<group>"; };
		8131632B276DB4D20028CADC /* AstronomyPictureResponse.m */ = {isa = PBXFileReference; lastKnownFileType = sourcecode.c.objc; path = AstronomyPictureResponse.m; sourceTree = "<group>"; };
		8131632D276DB7290028CADC /* Constants.h */ = {isa = PBXFileReference; lastKnownFileType = sourcecode.c.h; path = Constants.h; sourceTree = "<group>"; };
		81316338276E86EC0028CADC /* PictureCollectionViewCell.h */ = {isa = PBXFileReference; lastKnownFileType = sourcecode.c.h; path = PictureCollectionViewCell.h; sourceTree = "<group>"; };
		81316339276E86EC0028CADC /* PictureCollectionViewCell.m */ = {isa = PBXFileReference; lastKnownFileType = sourcecode.c.objc; path = PictureCollectionViewCell.m; sourceTree = "<group>"; };
		8131633A276E86EC0028CADC /* PictureCollectionViewCell.xib */ = {isa = PBXFileReference; lastKnownFileType = file.xib; path = PictureCollectionViewCell.xib; sourceTree = "<group>"; };
		81316340276F43020028CADC /* PreviewViewController.h */ = {isa = PBXFileReference; lastKnownFileType = sourcecode.c.h; path = PreviewViewController.h; sourceTree = "<group>"; };
		81316341276F43020028CADC /* PreviewViewController.m */ = {isa = PBXFileReference; lastKnownFileType = sourcecode.c.objc; path = PreviewViewController.m; sourceTree = "<group>"; };
		81316342276F43020028CADC /* PreviewViewController.xib */ = {isa = PBXFileReference; lastKnownFileType = file.xib; path = PreviewViewController.xib; sourceTree = "<group>"; };
		8131634B276F71DB0028CADC /* RetrievePictureDay.h */ = {isa = PBXFileReference; lastKnownFileType = sourcecode.c.h; path = RetrievePictureDay.h; sourceTree = "<group>"; };
		8131634C276F71DB0028CADC /* RetrievePictureDay.m */ = {isa = PBXFileReference; lastKnownFileType = sourcecode.c.objc; path = RetrievePictureDay.m; sourceTree = "<group>"; };
		8131634E276F8FCB0028CADC /* DatePickerViewController.h */ = {isa = PBXFileReference; lastKnownFileType = sourcecode.c.h; path = DatePickerViewController.h; sourceTree = "<group>"; };
		8131634F276F8FCB0028CADC /* DatePickerViewController.m */ = {isa = PBXFileReference; lastKnownFileType = sourcecode.c.objc; path = DatePickerViewController.m; sourceTree = "<group>"; };
		81316350276F8FCB0028CADC /* DatePickerViewController.xib */ = {isa = PBXFileReference; lastKnownFileType = file.xib; path = DatePickerViewController.xib; sourceTree = "<group>"; };
		81316353276F92FF0028CADC /* DatePickerDelegate.h */ = {isa = PBXFileReference; lastKnownFileType = sourcecode.c.h; path = DatePickerDelegate.h; sourceTree = "<group>"; };
		81608A5D276AFBFF00AF2C88 /* APOD.app */ = {isa = PBXFileReference; explicitFileType = wrapper.application; includeInIndex = 0; path = APOD.app; sourceTree = BUILT_PRODUCTS_DIR; };
		81608A60276AFBFF00AF2C88 /* AppDelegate.h */ = {isa = PBXFileReference; lastKnownFileType = sourcecode.c.h; path = AppDelegate.h; sourceTree = "<group>"; };
		81608A61276AFBFF00AF2C88 /* AppDelegate.m */ = {isa = PBXFileReference; lastKnownFileType = sourcecode.c.objc; path = AppDelegate.m; sourceTree = "<group>"; };
		81608A63276AFBFF00AF2C88 /* SceneDelegate.h */ = {isa = PBXFileReference; lastKnownFileType = sourcecode.c.h; path = SceneDelegate.h; sourceTree = "<group>"; };
		81608A64276AFBFF00AF2C88 /* SceneDelegate.m */ = {isa = PBXFileReference; lastKnownFileType = sourcecode.c.objc; path = SceneDelegate.m; sourceTree = "<group>"; };
		81608A6C276AFC0000AF2C88 /* Assets.xcassets */ = {isa = PBXFileReference; lastKnownFileType = folder.assetcatalog; path = Assets.xcassets; sourceTree = "<group>"; };
		81608A6F276AFC0000AF2C88 /* Base */ = {isa = PBXFileReference; lastKnownFileType = file.storyboard; name = Base; path = Base.lproj/LaunchScreen.storyboard; sourceTree = "<group>"; };
		81608A71276AFC0000AF2C88 /* Info.plist */ = {isa = PBXFileReference; lastKnownFileType = text.plist.xml; path = Info.plist; sourceTree = "<group>"; };
		81608A72276AFC0000AF2C88 /* main.m */ = {isa = PBXFileReference; lastKnownFileType = sourcecode.c.objc; path = main.m; sourceTree = "<group>"; };
		81608A78276AFC0000AF2C88 /* APODTests.xctest */ = {isa = PBXFileReference; explicitFileType = wrapper.cfbundle; includeInIndex = 0; path = APODTests.xctest; sourceTree = BUILT_PRODUCTS_DIR; };
		81608A7C276AFC0000AF2C88 /* APODTests.m */ = {isa = PBXFileReference; lastKnownFileType = sourcecode.c.objc; path = APODTests.m; sourceTree = "<group>"; };
		81608A82276AFC0000AF2C88 /* APODUITests.xctest */ = {isa = PBXFileReference; explicitFileType = wrapper.cfbundle; includeInIndex = 0; path = APODUITests.xctest; sourceTree = BUILT_PRODUCTS_DIR; };
		81608A86276AFC0000AF2C88 /* APODUITests.m */ = {isa = PBXFileReference; lastKnownFileType = sourcecode.c.objc; path = APODUITests.m; sourceTree = "<group>"; };
		81608A88276AFC0000AF2C88 /* APODUITestsLaunchTests.m */ = {isa = PBXFileReference; lastKnownFileType = sourcecode.c.objc; path = APODUITestsLaunchTests.m; sourceTree = "<group>"; };
		81608A9F276B0D0200AF2C88 /* HomeViewController.h */ = {isa = PBXFileReference; lastKnownFileType = sourcecode.c.h; path = HomeViewController.h; sourceTree = "<group>"; };
		81608AA0276B0D0200AF2C88 /* HomeViewController.m */ = {isa = PBXFileReference; lastKnownFileType = sourcecode.c.objc; path = HomeViewController.m; sourceTree = "<group>"; };
		81608AA1276B0D0200AF2C88 /* HomeViewController.xib */ = {isa = PBXFileReference; lastKnownFileType = file.xib; path = HomeViewController.xib; sourceTree = "<group>"; };
		81608AA4276B122F00AF2C88 /* AstronomyPicture.h */ = {isa = PBXFileReference; lastKnownFileType = sourcecode.c.h; path = AstronomyPicture.h; sourceTree = "<group>"; };
		81608AA5276B122F00AF2C88 /* AstronomyPicture.m */ = {isa = PBXFileReference; lastKnownFileType = sourcecode.c.objc; path = AstronomyPicture.m; sourceTree = "<group>"; };
		81BEA425276BF35A00059DCC /* RetrievePicturesWeek.h */ = {isa = PBXFileReference; lastKnownFileType = sourcecode.c.h; path = RetrievePicturesWeek.h; sourceTree = "<group>"; };
		81BEA426276BF35A00059DCC /* RetrievePicturesWeek.m */ = {isa = PBXFileReference; lastKnownFileType = sourcecode.c.objc; path = RetrievePicturesWeek.m; sourceTree = "<group>"; };
		81BEA42A276BF74C00059DCC /* APODService.h */ = {isa = PBXFileReference; lastKnownFileType = sourcecode.c.h; path = APODService.h; sourceTree = "<group>"; };
		81BEA42B276BF74C00059DCC /* APODService.m */ = {isa = PBXFileReference; lastKnownFileType = sourcecode.c.objc; path = APODService.m; sourceTree = "<group>"; };
		81BEA42F276D171D00059DCC /* APODServiceDelegate.h */ = {isa = PBXFileReference; lastKnownFileType = sourcecode.c.h; path = APODServiceDelegate.h; sourceTree = "<group>"; };
		8F2FD49EADC40C97EF26C30C /* Pods-APODTests.release.xcconfig */ = {isa = PBXFileReference; includeInIndex = 1; lastKnownFileType = text.xcconfig; name = "Pods-APODTests.release.xcconfig"; path = "Target Support Files/Pods-APODTests/Pods-APODTests.release.xcconfig"; sourceTree = "<group>"; };
		96ED5B6176021DD5A4321B58 /* Pods-APOD-APODUITests.release.xcconfig */ = {isa = PBXFileReference; includeInIndex = 1; lastKnownFileType = text.xcconfig; name = "Pods-APOD-APODUITests.release.xcconfig"; path = "Target Support Files/Pods-APOD-APODUITests/Pods-APOD-APODUITests.release.xcconfig"; sourceTree = "<group>"; };
		DA07745D3892BF9427EC6D62 /* Pods_APOD_APODUITests.framework */ = {isa = PBXFileReference; explicitFileType = wrapper.framework; includeInIndex = 0; path = Pods_APOD_APODUITests.framework; sourceTree = BUILT_PRODUCTS_DIR; };
/* End PBXFileReference section */

/* Begin PBXFrameworksBuildPhase section */
		81608A5A276AFBFF00AF2C88 /* Frameworks */ = {
			isa = PBXFrameworksBuildPhase;
			buildActionMask = 2147483647;
			files = (
				53BE30ED8A2E4FB4AA7ECB61 /* Pods_APOD.framework in Frameworks */,
			);
			runOnlyForDeploymentPostprocessing = 0;
		};
		81608A75276AFC0000AF2C88 /* Frameworks */ = {
			isa = PBXFrameworksBuildPhase;
			buildActionMask = 2147483647;
			files = (
				CD200C70EEF0555051C9523A /* Pods_APODTests.framework in Frameworks */,
			);
			runOnlyForDeploymentPostprocessing = 0;
		};
		81608A7F276AFC0000AF2C88 /* Frameworks */ = {
			isa = PBXFrameworksBuildPhase;
			buildActionMask = 2147483647;
			files = (
				91DFC9C241E95F3CDCA21254 /* Pods_APOD_APODUITests.framework in Frameworks */,
			);
			runOnlyForDeploymentPostprocessing = 0;
		};
/* End PBXFrameworksBuildPhase section */

/* Begin PBXGroup section */
		81316318276D8A9A0028CADC /* Configurations */ = {
			isa = PBXGroup;
			children = (
				81316323276DA16D0028CADC /* ConfigServices.h */,
				81316324276DA16D0028CADC /* ConfigServices.m */,
				81316326276DAE070028CADC /* ConfigUseCases.h */,
				81316327276DAE070028CADC /* ConfigUseCases.m */,
				8131632D276DB7290028CADC /* Constants.h */,
			);
			path = Configurations;
			sourceTree = "<group>";
		};
		81316319276D8B180028CADC /* Repository */ = {
			isa = PBXGroup;
			children = (
				8131631D276D8D090028CADC /* AFNetworkingHttpManager.h */,
				8131631E276D8D090028CADC /* AFNetworkingHttpManager.m */,
			);
			path = Repository;
			sourceTree = "<group>";
		};
		81316329276DB4620028CADC /* Dtos */ = {
			isa = PBXGroup;
			children = (
				8131632A276DB4D20028CADC /* AstronomyPictureResponse.h */,
				8131632B276DB4D20028CADC /* AstronomyPictureResponse.m */,
			);
			path = Dtos;
			sourceTree = "<group>";
		};
		81608A54276AFBFF00AF2C88 = {
			isa = PBXGroup;
			children = (
				81608A5F276AFBFF00AF2C88 /* APOD */,
				81608A7B276AFC0000AF2C88 /* APODTests */,
				81608A85276AFC0000AF2C88 /* APODUITests */,
				81608A5E276AFBFF00AF2C88 /* Products */,
				BC618DD07AAD3058233E6A32 /* Pods */,
				CF14FD0CF9DE7ABF4CFAF260 /* Frameworks */,
			);
			sourceTree = "<group>";
		};
		81608A5E276AFBFF00AF2C88 /* Products */ = {
			isa = PBXGroup;
			children = (
				81608A5D276AFBFF00AF2C88 /* APOD.app */,
				81608A78276AFC0000AF2C88 /* APODTests.xctest */,
				81608A82276AFC0000AF2C88 /* APODUITests.xctest */,
			);
			name = Products;
			sourceTree = "<group>";
		};
		81608A5F276AFBFF00AF2C88 /* APOD */ = {
			isa = PBXGroup;
			children = (
				81316319276D8B180028CADC /* Repository */,
				81316318276D8A9A0028CADC /* Configurations */,
				81BEA42D276BF76700059DCC /* Gateways */,
				81608A99276AFD0E00AF2C88 /* Services */,
				81608A96276AFC4300AF2C88 /* ViewControllers */,
				81608A95276AFC2900AF2C88 /* Domain */,
				81608A60276AFBFF00AF2C88 /* AppDelegate.h */,
				81608A61276AFBFF00AF2C88 /* AppDelegate.m */,
				81608A63276AFBFF00AF2C88 /* SceneDelegate.h */,
				81608A64276AFBFF00AF2C88 /* SceneDelegate.m */,
				81608A6C276AFC0000AF2C88 /* Assets.xcassets */,
				81608A6E276AFC0000AF2C88 /* LaunchScreen.storyboard */,
				81608A71276AFC0000AF2C88 /* Info.plist */,
				81608A72276AFC0000AF2C88 /* main.m */,
			);
			path = APOD;
			sourceTree = "<group>";
		};
		81608A7B276AFC0000AF2C88 /* APODTests */ = {
			isa = PBXGroup;
			children = (
				81608A7C276AFC0000AF2C88 /* APODTests.m */,
			);
			path = APODTests;
			sourceTree = "<group>";
		};
		81608A85276AFC0000AF2C88 /* APODUITests */ = {
			isa = PBXGroup;
			children = (
				81608A86276AFC0000AF2C88 /* APODUITests.m */,
				81608A88276AFC0000AF2C88 /* APODUITestsLaunchTests.m */,
			);
			path = APODUITests;
			sourceTree = "<group>";
		};
		81608A95276AFC2900AF2C88 /* Domain */ = {
			isa = PBXGroup;
			children = (
				81608A98276AFC9800AF2C88 /* UseCases */,
				81608A97276AFC7C00AF2C88 /* Models */,
			);
			path = Domain;
			sourceTree = "<group>";
		};
		81608A96276AFC4300AF2C88 /* ViewControllers */ = {
			isa = PBXGroup;
			children = (
				81608A9F276B0D0200AF2C88 /* HomeViewController.h */,
				81608AA0276B0D0200AF2C88 /* HomeViewController.m */,
				81608AA1276B0D0200AF2C88 /* HomeViewController.xib */,
				81316338276E86EC0028CADC /* PictureCollectionViewCell.h */,
				81316339276E86EC0028CADC /* PictureCollectionViewCell.m */,
				8131633A276E86EC0028CADC /* PictureCollectionViewCell.xib */,
				81316340276F43020028CADC /* PreviewViewController.h */,
				81316341276F43020028CADC /* PreviewViewController.m */,
				81316342276F43020028CADC /* PreviewViewController.xib */,
				8131634E276F8FCB0028CADC /* DatePickerViewController.h */,
				8131634F276F8FCB0028CADC /* DatePickerViewController.m */,
				81316350276F8FCB0028CADC /* DatePickerViewController.xib */,
				81316353276F92FF0028CADC /* DatePickerDelegate.h */,
			);
			path = ViewControllers;
			sourceTree = "<group>";
		};
		81608A97276AFC7C00AF2C88 /* Models */ = {
			isa = PBXGroup;
			children = (
				81608AA4276B122F00AF2C88 /* AstronomyPicture.h */,
				81608AA5276B122F00AF2C88 /* AstronomyPicture.m */,
			);
			path = Models;
			sourceTree = "<group>";
		};
		81608A98276AFC9800AF2C88 /* UseCases */ = {
			isa = PBXGroup;
			children = (
				81BEA425276BF35A00059DCC /* RetrievePicturesWeek.h */,
				81BEA426276BF35A00059DCC /* RetrievePicturesWeek.m */,
				8131634B276F71DB0028CADC /* RetrievePictureDay.h */,
				8131634C276F71DB0028CADC /* RetrievePictureDay.m */,
			);
			path = UseCases;
			sourceTree = "<group>";
		};
		81608A99276AFD0E00AF2C88 /* Services */ = {
			isa = PBXGroup;
			children = (
				81BEA429276BF73000059DCC /* APOD */,
			);
			path = Services;
			sourceTree = "<group>";
		};
		81BEA429276BF73000059DCC /* APOD */ = {
			isa = PBXGroup;
			children = (
				81316329276DB4620028CADC /* Dtos */,
				81BEA42A276BF74C00059DCC /* APODService.h */,
				81BEA42B276BF74C00059DCC /* APODService.m */,
			);
			path = APOD;
			sourceTree = "<group>";
		};
		81BEA42D276BF76700059DCC /* Gateways */ = {
			isa = PBXGroup;
			children = (
				81BEA42F276D171D00059DCC /* APODServiceDelegate.h */,
				81316320276D8DF80028CADC /* HttpRequestManagerDelegate.h */,
			);
			path = Gateways;
			sourceTree = "<group>";
		};
		BC618DD07AAD3058233E6A32 /* Pods */ = {
			isa = PBXGroup;
			children = (
				7826894C934D0C57FCFB80DF /* Pods-APOD.debug.xcconfig */,
				7909C7237619373BE2A278CE /* Pods-APOD.release.xcconfig */,
				4A8B02CA0F41911E75D93ABA /* Pods-APOD-APODUITests.debug.xcconfig */,
				96ED5B6176021DD5A4321B58 /* Pods-APOD-APODUITests.release.xcconfig */,
				4EAB0BBA2D4A86CA1CF96073 /* Pods-APODTests.debug.xcconfig */,
				8F2FD49EADC40C97EF26C30C /* Pods-APODTests.release.xcconfig */,
			);
			path = Pods;
			sourceTree = "<group>";
		};
		CF14FD0CF9DE7ABF4CFAF260 /* Frameworks */ = {
			isa = PBXGroup;
			children = (
				3625294DE4D6B7FA717233AF /* Pods_APOD.framework */,
				DA07745D3892BF9427EC6D62 /* Pods_APOD_APODUITests.framework */,
				0E38507D999D1B938F7B5976 /* Pods_APODTests.framework */,
			);
			name = Frameworks;
			sourceTree = "<group>";
		};
/* End PBXGroup section */

/* Begin PBXNativeTarget section */
		81608A5C276AFBFF00AF2C88 /* APOD */ = {
			isa = PBXNativeTarget;
			buildConfigurationList = 81608A8C276AFC0000AF2C88 /* Build configuration list for PBXNativeTarget "APOD" */;
			buildPhases = (
				9EC04054846AA75C155BA3E7 /* [CP] Check Pods Manifest.lock */,
				81608A59276AFBFF00AF2C88 /* Sources */,
				81608A5A276AFBFF00AF2C88 /* Frameworks */,
				81608A5B276AFBFF00AF2C88 /* Resources */,
				1CD5EE8A5C844F1296711165 /* [CP] Embed Pods Frameworks */,
			);
			buildRules = (
			);
			dependencies = (
			);
			name = APOD;
			productName = APOD;
			productReference = 81608A5D276AFBFF00AF2C88 /* APOD.app */;
			productType = "com.apple.product-type.application";
		};
		81608A77276AFC0000AF2C88 /* APODTests */ = {
			isa = PBXNativeTarget;
			buildConfigurationList = 81608A8F276AFC0000AF2C88 /* Build configuration list for PBXNativeTarget "APODTests" */;
			buildPhases = (
				2DDB78CAD387907F3C97185D /* [CP] Check Pods Manifest.lock */,
				81608A74276AFC0000AF2C88 /* Sources */,
				81608A75276AFC0000AF2C88 /* Frameworks */,
				81608A76276AFC0000AF2C88 /* Resources */,
			);
			buildRules = (
			);
			dependencies = (
				81608A7A276AFC0000AF2C88 /* PBXTargetDependency */,
			);
			name = APODTests;
			productName = APODTests;
			productReference = 81608A78276AFC0000AF2C88 /* APODTests.xctest */;
			productType = "com.apple.product-type.bundle.unit-test";
		};
		81608A81276AFC0000AF2C88 /* APODUITests */ = {
			isa = PBXNativeTarget;
			buildConfigurationList = 81608A92276AFC0000AF2C88 /* Build configuration list for PBXNativeTarget "APODUITests" */;
			buildPhases = (
				A83A45EDEB3FA57689EDDE27 /* [CP] Check Pods Manifest.lock */,
				81608A7E276AFC0000AF2C88 /* Sources */,
				81608A7F276AFC0000AF2C88 /* Frameworks */,
				81608A80276AFC0000AF2C88 /* Resources */,
				0BF166F6D34D55481669DB5D /* [CP] Embed Pods Frameworks */,
			);
			buildRules = (
			);
			dependencies = (
				81608A84276AFC0000AF2C88 /* PBXTargetDependency */,
			);
			name = APODUITests;
			productName = APODUITests;
			productReference = 81608A82276AFC0000AF2C88 /* APODUITests.xctest */;
			productType = "com.apple.product-type.bundle.ui-testing";
		};
/* End PBXNativeTarget section */

/* Begin PBXProject section */
		81608A55276AFBFF00AF2C88 /* Project object */ = {
			isa = PBXProject;
			attributes = {
				BuildIndependentTargetsInParallel = 1;
				LastUpgradeCheck = 1300;
				TargetAttributes = {
					81608A5C276AFBFF00AF2C88 = {
						CreatedOnToolsVersion = 13.0;
					};
					81608A77276AFC0000AF2C88 = {
						CreatedOnToolsVersion = 13.0;
						TestTargetID = 81608A5C276AFBFF00AF2C88;
					};
					81608A81276AFC0000AF2C88 = {
						CreatedOnToolsVersion = 13.0;
						TestTargetID = 81608A5C276AFBFF00AF2C88;
					};
				};
			};
			buildConfigurationList = 81608A58276AFBFF00AF2C88 /* Build configuration list for PBXProject "APOD" */;
			compatibilityVersion = "Xcode 13.0";
			developmentRegion = en;
			hasScannedForEncodings = 0;
			knownRegions = (
				en,
				Base,
			);
			mainGroup = 81608A54276AFBFF00AF2C88;
			productRefGroup = 81608A5E276AFBFF00AF2C88 /* Products */;
			projectDirPath = "";
			projectRoot = "";
			targets = (
				81608A5C276AFBFF00AF2C88 /* APOD */,
				81608A77276AFC0000AF2C88 /* APODTests */,
				81608A81276AFC0000AF2C88 /* APODUITests */,
			);
		};
/* End PBXProject section */

/* Begin PBXResourcesBuildPhase section */
		81608A5B276AFBFF00AF2C88 /* Resources */ = {
			isa = PBXResourcesBuildPhase;
			buildActionMask = 2147483647;
			files = (
				81316352276F8FCB0028CADC /* DatePickerViewController.xib in Resources */,
				81608A70276AFC0000AF2C88 /* LaunchScreen.storyboard in Resources */,
				81316344276F43020028CADC /* PreviewViewController.xib in Resources */,
				8131633C276E86EC0028CADC /* PictureCollectionViewCell.xib in Resources */,
				81608A6D276AFC0000AF2C88 /* Assets.xcassets in Resources */,
				81608AA3276B0D0200AF2C88 /* HomeViewController.xib in Resources */,
			);
			runOnlyForDeploymentPostprocessing = 0;
		};
		81608A76276AFC0000AF2C88 /* Resources */ = {
			isa = PBXResourcesBuildPhase;
			buildActionMask = 2147483647;
			files = (
			);
			runOnlyForDeploymentPostprocessing = 0;
		};
		81608A80276AFC0000AF2C88 /* Resources */ = {
			isa = PBXResourcesBuildPhase;
			buildActionMask = 2147483647;
			files = (
			);
			runOnlyForDeploymentPostprocessing = 0;
		};
/* End PBXResourcesBuildPhase section */

/* Begin PBXShellScriptBuildPhase section */
		0BF166F6D34D55481669DB5D /* [CP] Embed Pods Frameworks */ = {
			isa = PBXShellScriptBuildPhase;
			buildActionMask = 2147483647;
			files = (
			);
			inputFileListPaths = (
				"${PODS_ROOT}/Target Support Files/Pods-APOD-APODUITests/Pods-APOD-APODUITests-frameworks-${CONFIGURATION}-input-files.xcfilelist",
			);
			name = "[CP] Embed Pods Frameworks";
			outputFileListPaths = (
				"${PODS_ROOT}/Target Support Files/Pods-APOD-APODUITests/Pods-APOD-APODUITests-frameworks-${CONFIGURATION}-output-files.xcfilelist",
			);
			runOnlyForDeploymentPostprocessing = 0;
			shellPath = /bin/sh;
			shellScript = "\"${PODS_ROOT}/Target Support Files/Pods-APOD-APODUITests/Pods-APOD-APODUITests-frameworks.sh\"\n";
			showEnvVarsInLog = 0;
		};
		1CD5EE8A5C844F1296711165 /* [CP] Embed Pods Frameworks */ = {
			isa = PBXShellScriptBuildPhase;
			buildActionMask = 2147483647;
			files = (
			);
			inputFileListPaths = (
				"${PODS_ROOT}/Target Support Files/Pods-APOD/Pods-APOD-frameworks-${CONFIGURATION}-input-files.xcfilelist",
			);
			name = "[CP] Embed Pods Frameworks";
			outputFileListPaths = (
				"${PODS_ROOT}/Target Support Files/Pods-APOD/Pods-APOD-frameworks-${CONFIGURATION}-output-files.xcfilelist",
			);
			runOnlyForDeploymentPostprocessing = 0;
			shellPath = /bin/sh;
			shellScript = "\"${PODS_ROOT}/Target Support Files/Pods-APOD/Pods-APOD-frameworks.sh\"\n";
			showEnvVarsInLog = 0;
		};
		2DDB78CAD387907F3C97185D /* [CP] Check Pods Manifest.lock */ = {
			isa = PBXShellScriptBuildPhase;
			buildActionMask = 2147483647;
			files = (
			);
			inputFileListPaths = (
			);
			inputPaths = (
				"${PODS_PODFILE_DIR_PATH}/Podfile.lock",
				"${PODS_ROOT}/Manifest.lock",
			);
			name = "[CP] Check Pods Manifest.lock";
			outputFileListPaths = (
			);
			outputPaths = (
				"$(DERIVED_FILE_DIR)/Pods-APODTests-checkManifestLockResult.txt",
			);
			runOnlyForDeploymentPostprocessing = 0;
			shellPath = /bin/sh;
			shellScript = "diff \"${PODS_PODFILE_DIR_PATH}/Podfile.lock\" \"${PODS_ROOT}/Manifest.lock\" > /dev/null\nif [ $? != 0 ] ; then\n    # print error to STDERR\n    echo \"error: The sandbox is not in sync with the Podfile.lock. Run 'pod install' or update your CocoaPods installation.\" >&2\n    exit 1\nfi\n# This output is used by Xcode 'outputs' to avoid re-running this script phase.\necho \"SUCCESS\" > \"${SCRIPT_OUTPUT_FILE_0}\"\n";
			showEnvVarsInLog = 0;
		};
		9EC04054846AA75C155BA3E7 /* [CP] Check Pods Manifest.lock */ = {
			isa = PBXShellScriptBuildPhase;
			buildActionMask = 2147483647;
			files = (
			);
			inputFileListPaths = (
			);
			inputPaths = (
				"${PODS_PODFILE_DIR_PATH}/Podfile.lock",
				"${PODS_ROOT}/Manifest.lock",
			);
			name = "[CP] Check Pods Manifest.lock";
			outputFileListPaths = (
			);
			outputPaths = (
				"$(DERIVED_FILE_DIR)/Pods-APOD-checkManifestLockResult.txt",
			);
			runOnlyForDeploymentPostprocessing = 0;
			shellPath = /bin/sh;
			shellScript = "diff \"${PODS_PODFILE_DIR_PATH}/Podfile.lock\" \"${PODS_ROOT}/Manifest.lock\" > /dev/null\nif [ $? != 0 ] ; then\n    # print error to STDERR\n    echo \"error: The sandbox is not in sync with the Podfile.lock. Run 'pod install' or update your CocoaPods installation.\" >&2\n    exit 1\nfi\n# This output is used by Xcode 'outputs' to avoid re-running this script phase.\necho \"SUCCESS\" > \"${SCRIPT_OUTPUT_FILE_0}\"\n";
			showEnvVarsInLog = 0;
		};
		A83A45EDEB3FA57689EDDE27 /* [CP] Check Pods Manifest.lock */ = {
			isa = PBXShellScriptBuildPhase;
			buildActionMask = 2147483647;
			files = (
			);
			inputFileListPaths = (
			);
			inputPaths = (
				"${PODS_PODFILE_DIR_PATH}/Podfile.lock",
				"${PODS_ROOT}/Manifest.lock",
			);
			name = "[CP] Check Pods Manifest.lock";
			outputFileListPaths = (
			);
			outputPaths = (
				"$(DERIVED_FILE_DIR)/Pods-APOD-APODUITests-checkManifestLockResult.txt",
			);
			runOnlyForDeploymentPostprocessing = 0;
			shellPath = /bin/sh;
			shellScript = "diff \"${PODS_PODFILE_DIR_PATH}/Podfile.lock\" \"${PODS_ROOT}/Manifest.lock\" > /dev/null\nif [ $? != 0 ] ; then\n    # print error to STDERR\n    echo \"error: The sandbox is not in sync with the Podfile.lock. Run 'pod install' or update your CocoaPods installation.\" >&2\n    exit 1\nfi\n# This output is used by Xcode 'outputs' to avoid re-running this script phase.\necho \"SUCCESS\" > \"${SCRIPT_OUTPUT_FILE_0}\"\n";
			showEnvVarsInLog = 0;
		};
/* End PBXShellScriptBuildPhase section */

/* Begin PBXSourcesBuildPhase section */
		81608A59276AFBFF00AF2C88 /* Sources */ = {
			isa = PBXSourcesBuildPhase;
			buildActionMask = 2147483647;
			files = (
				81316343276F43020028CADC /* PreviewViewController.m in Sources */,
				81608A62276AFBFF00AF2C88 /* AppDelegate.m in Sources */,
				8131633B276E86EC0028CADC /* PictureCollectionViewCell.m in Sources */,
				81608A73276AFC0000AF2C88 /* main.m in Sources */,
				81316325276DA16D0028CADC /* ConfigServices.m in Sources */,
				81BEA427276BF35A00059DCC /* RetrievePicturesWeek.m in Sources */,
				8131632C276DB4D20028CADC /* AstronomyPictureResponse.m in Sources */,
				8131631F276D8D090028CADC /* AFNetworkingHttpManager.m in Sources */,
				81608A65276AFBFF00AF2C88 /* SceneDelegate.m in Sources */,
				8131634D276F71DB0028CADC /* RetrievePictureDay.m in Sources */,
				81608AA2276B0D0200AF2C88 /* HomeViewController.m in Sources */,
				81608AA6276B122F00AF2C88 /* AstronomyPicture.m in Sources */,
				81BEA42C276BF74C00059DCC /* APODService.m in Sources */,
				81316351276F8FCB0028CADC /* DatePickerViewController.m in Sources */,
				81316328276DAE070028CADC /* ConfigUseCases.m in Sources */,
			);
			runOnlyForDeploymentPostprocessing = 0;
		};
		81608A74276AFC0000AF2C88 /* Sources */ = {
			isa = PBXSourcesBuildPhase;
			buildActionMask = 2147483647;
			files = (
				81608A7D276AFC0000AF2C88 /* APODTests.m in Sources */,
			);
			runOnlyForDeploymentPostprocessing = 0;
		};
		81608A7E276AFC0000AF2C88 /* Sources */ = {
			isa = PBXSourcesBuildPhase;
			buildActionMask = 2147483647;
			files = (
				81608A89276AFC0000AF2C88 /* APODUITestsLaunchTests.m in Sources */,
				81608A87276AFC0000AF2C88 /* APODUITests.m in Sources */,
			);
			runOnlyForDeploymentPostprocessing = 0;
		};
/* End PBXSourcesBuildPhase section */

/* Begin PBXTargetDependency section */
		81608A7A276AFC0000AF2C88 /* PBXTargetDependency */ = {
			isa = PBXTargetDependency;
			target = 81608A5C276AFBFF00AF2C88 /* APOD */;
			targetProxy = 81608A79276AFC0000AF2C88 /* PBXContainerItemProxy */;
		};
		81608A84276AFC0000AF2C88 /* PBXTargetDependency */ = {
			isa = PBXTargetDependency;
			target = 81608A5C276AFBFF00AF2C88 /* APOD */;
			targetProxy = 81608A83276AFC0000AF2C88 /* PBXContainerItemProxy */;
		};
/* End PBXTargetDependency section */

/* Begin PBXVariantGroup section */
		81608A6E276AFC0000AF2C88 /* LaunchScreen.storyboard */ = {
			isa = PBXVariantGroup;
			children = (
				81608A6F276AFC0000AF2C88 /* Base */,
			);
			name = LaunchScreen.storyboard;
			sourceTree = "<group>";
		};
/* End PBXVariantGroup section */

/* Begin XCBuildConfiguration section */
		81608A8A276AFC0000AF2C88 /* Debug */ = {
			isa = XCBuildConfiguration;
			buildSettings = {
				ALWAYS_SEARCH_USER_PATHS = NO;
				CLANG_ANALYZER_NONNULL = YES;
				CLANG_ANALYZER_NUMBER_OBJECT_CONVERSION = YES_AGGRESSIVE;
				CLANG_CXX_LANGUAGE_STANDARD = "gnu++17";
				CLANG_CXX_LIBRARY = "libc++";
				CLANG_ENABLE_MODULES = YES;
				CLANG_ENABLE_OBJC_ARC = YES;
				CLANG_ENABLE_OBJC_WEAK = YES;
				CLANG_WARN_BLOCK_CAPTURE_AUTORELEASING = YES;
				CLANG_WARN_BOOL_CONVERSION = YES;
				CLANG_WARN_COMMA = YES;
				CLANG_WARN_CONSTANT_CONVERSION = YES;
				CLANG_WARN_DEPRECATED_OBJC_IMPLEMENTATIONS = YES;
				CLANG_WARN_DIRECT_OBJC_ISA_USAGE = YES_ERROR;
				CLANG_WARN_DOCUMENTATION_COMMENTS = YES;
				CLANG_WARN_EMPTY_BODY = YES;
				CLANG_WARN_ENUM_CONVERSION = YES;
				CLANG_WARN_INFINITE_RECURSION = YES;
				CLANG_WARN_INT_CONVERSION = YES;
				CLANG_WARN_NON_LITERAL_NULL_CONVERSION = YES;
				CLANG_WARN_OBJC_IMPLICIT_RETAIN_SELF = YES;
				CLANG_WARN_OBJC_LITERAL_CONVERSION = YES;
				CLANG_WARN_OBJC_ROOT_CLASS = YES_ERROR;
				CLANG_WARN_QUOTED_INCLUDE_IN_FRAMEWORK_HEADER = YES;
				CLANG_WARN_RANGE_LOOP_ANALYSIS = YES;
				CLANG_WARN_STRICT_PROTOTYPES = YES;
				CLANG_WARN_SUSPICIOUS_MOVE = YES;
				CLANG_WARN_UNGUARDED_AVAILABILITY = YES_AGGRESSIVE;
				CLANG_WARN_UNREACHABLE_CODE = YES;
				CLANG_WARN__DUPLICATE_METHOD_MATCH = YES;
				COPY_PHASE_STRIP = NO;
				DEBUG_INFORMATION_FORMAT = dwarf;
				ENABLE_STRICT_OBJC_MSGSEND = YES;
				ENABLE_TESTABILITY = YES;
				GCC_C_LANGUAGE_STANDARD = gnu11;
				GCC_DYNAMIC_NO_PIC = NO;
				GCC_NO_COMMON_BLOCKS = YES;
				GCC_OPTIMIZATION_LEVEL = 0;
				GCC_PREPROCESSOR_DEFINITIONS = (
					"DEBUG=1",
					"$(inherited)",
				);
				GCC_WARN_64_TO_32_BIT_CONVERSION = YES;
				GCC_WARN_ABOUT_RETURN_TYPE = YES_ERROR;
				GCC_WARN_UNDECLARED_SELECTOR = YES;
				GCC_WARN_UNINITIALIZED_AUTOS = YES_AGGRESSIVE;
				GCC_WARN_UNUSED_FUNCTION = YES;
				GCC_WARN_UNUSED_VARIABLE = YES;
				IPHONEOS_DEPLOYMENT_TARGET = 15.0;
				MTL_ENABLE_DEBUG_INFO = INCLUDE_SOURCE;
				MTL_FAST_MATH = YES;
				ONLY_ACTIVE_ARCH = YES;
				SDKROOT = iphoneos;
			};
			name = Debug;
		};
		81608A8B276AFC0000AF2C88 /* Release */ = {
			isa = XCBuildConfiguration;
			buildSettings = {
				ALWAYS_SEARCH_USER_PATHS = NO;
				CLANG_ANALYZER_NONNULL = YES;
				CLANG_ANALYZER_NUMBER_OBJECT_CONVERSION = YES_AGGRESSIVE;
				CLANG_CXX_LANGUAGE_STANDARD = "gnu++17";
				CLANG_CXX_LIBRARY = "libc++";
				CLANG_ENABLE_MODULES = YES;
				CLANG_ENABLE_OBJC_ARC = YES;
				CLANG_ENABLE_OBJC_WEAK = YES;
				CLANG_WARN_BLOCK_CAPTURE_AUTORELEASING = YES;
				CLANG_WARN_BOOL_CONVERSION = YES;
				CLANG_WARN_COMMA = YES;
				CLANG_WARN_CONSTANT_CONVERSION = YES;
				CLANG_WARN_DEPRECATED_OBJC_IMPLEMENTATIONS = YES;
				CLANG_WARN_DIRECT_OBJC_ISA_USAGE = YES_ERROR;
				CLANG_WARN_DOCUMENTATION_COMMENTS = YES;
				CLANG_WARN_EMPTY_BODY = YES;
				CLANG_WARN_ENUM_CONVERSION = YES;
				CLANG_WARN_INFINITE_RECURSION = YES;
				CLANG_WARN_INT_CONVERSION = YES;
				CLANG_WARN_NON_LITERAL_NULL_CONVERSION = YES;
				CLANG_WARN_OBJC_IMPLICIT_RETAIN_SELF = YES;
				CLANG_WARN_OBJC_LITERAL_CONVERSION = YES;
				CLANG_WARN_OBJC_ROOT_CLASS = YES_ERROR;
				CLANG_WARN_QUOTED_INCLUDE_IN_FRAMEWORK_HEADER = YES;
				CLANG_WARN_RANGE_LOOP_ANALYSIS = YES;
				CLANG_WARN_STRICT_PROTOTYPES = YES;
				CLANG_WARN_SUSPICIOUS_MOVE = YES;
				CLANG_WARN_UNGUARDED_AVAILABILITY = YES_AGGRESSIVE;
				CLANG_WARN_UNREACHABLE_CODE = YES;
				CLANG_WARN__DUPLICATE_METHOD_MATCH = YES;
				COPY_PHASE_STRIP = NO;
				DEBUG_INFORMATION_FORMAT = "dwarf-with-dsym";
				ENABLE_NS_ASSERTIONS = NO;
				ENABLE_STRICT_OBJC_MSGSEND = YES;
				GCC_C_LANGUAGE_STANDARD = gnu11;
				GCC_NO_COMMON_BLOCKS = YES;
				GCC_WARN_64_TO_32_BIT_CONVERSION = YES;
				GCC_WARN_ABOUT_RETURN_TYPE = YES_ERROR;
				GCC_WARN_UNDECLARED_SELECTOR = YES;
				GCC_WARN_UNINITIALIZED_AUTOS = YES_AGGRESSIVE;
				GCC_WARN_UNUSED_FUNCTION = YES;
				GCC_WARN_UNUSED_VARIABLE = YES;
				IPHONEOS_DEPLOYMENT_TARGET = 15.0;
				MTL_ENABLE_DEBUG_INFO = NO;
				MTL_FAST_MATH = YES;
				SDKROOT = iphoneos;
				VALIDATE_PRODUCT = YES;
			};
			name = Release;
		};
		81608A8D276AFC0000AF2C88 /* Debug */ = {
			isa = XCBuildConfiguration;
			baseConfigurationReference = 7826894C934D0C57FCFB80DF /* Pods-APOD.debug.xcconfig */;
			buildSettings = {
				ASSETCATALOG_COMPILER_APPICON_NAME = AppIcon;
				ASSETCATALOG_COMPILER_GLOBAL_ACCENT_COLOR_NAME = AccentColor;
				CODE_SIGN_STYLE = Automatic;
				CURRENT_PROJECT_VERSION = 1;
				DEVELOPMENT_TEAM = F6NSS5E286;
				GENERATE_INFOPLIST_FILE = YES;
				INFOPLIST_FILE = APOD/Info.plist;
				INFOPLIST_KEY_CFBundleDisplayName = "NASA APOD";
				INFOPLIST_KEY_UIApplicationSupportsIndirectInputEvents = YES;
				INFOPLIST_KEY_UILaunchStoryboardName = LaunchScreen;
				INFOPLIST_KEY_UISupportedInterfaceOrientations = UIInterfaceOrientationPortrait;
				INFOPLIST_KEY_UISupportedInterfaceOrientations_iPad = "UIInterfaceOrientationPortrait UIInterfaceOrientationPortraitUpsideDown UIInterfaceOrientationLandscapeLeft UIInterfaceOrientationLandscapeRight";
				INFOPLIST_KEY_UISupportedInterfaceOrientations_iPhone = "UIInterfaceOrientationPortrait UIInterfaceOrientationLandscapeLeft UIInterfaceOrientationLandscapeRight";
				LD_RUNPATH_SEARCH_PATHS = (
					"$(inherited)",
					"@executable_path/Frameworks",
				);
				MARKETING_VERSION = 1.0;
				PRODUCT_BUNDLE_IDENTIFIER = com.hd3vc0.APOD;
				PRODUCT_NAME = "$(TARGET_NAME)";
				SWIFT_EMIT_LOC_STRINGS = YES;
				TARGETED_DEVICE_FAMILY = "1,2";
			};
			name = Debug;
		};
		81608A8E276AFC0000AF2C88 /* Release */ = {
			isa = XCBuildConfiguration;
			baseConfigurationReference = 7909C7237619373BE2A278CE /* Pods-APOD.release.xcconfig */;
			buildSettings = {
				ASSETCATALOG_COMPILER_APPICON_NAME = AppIcon;
				ASSETCATALOG_COMPILER_GLOBAL_ACCENT_COLOR_NAME = AccentColor;
				CODE_SIGN_STYLE = Automatic;
				CURRENT_PROJECT_VERSION = 1;
				DEVELOPMENT_TEAM = F6NSS5E286;
				GENERATE_INFOPLIST_FILE = YES;
				INFOPLIST_FILE = APOD/Info.plist;
				INFOPLIST_KEY_CFBundleDisplayName = "NASA APOD";
				INFOPLIST_KEY_UIApplicationSupportsIndirectInputEvents = YES;
				INFOPLIST_KEY_UILaunchStoryboardName = LaunchScreen;
				INFOPLIST_KEY_UISupportedInterfaceOrientations = UIInterfaceOrientationPortrait;
				INFOPLIST_KEY_UISupportedInterfaceOrientations_iPad = "UIInterfaceOrientationPortrait UIInterfaceOrientationPortraitUpsideDown UIInterfaceOrientationLandscapeLeft UIInterfaceOrientationLandscapeRight";
				INFOPLIST_KEY_UISupportedInterfaceOrientations_iPhone = "UIInterfaceOrientationPortrait UIInterfaceOrientationLandscapeLeft UIInterfaceOrientationLandscapeRight";
				LD_RUNPATH_SEARCH_PATHS = (
					"$(inherited)",
					"@executable_path/Frameworks",
				);
				MARKETING_VERSION = 1.0;
				PRODUCT_BUNDLE_IDENTIFIER = com.hd3vc0.APOD;
				PRODUCT_NAME = "$(TARGET_NAME)";
				SWIFT_EMIT_LOC_STRINGS = YES;
				TARGETED_DEVICE_FAMILY = "1,2";
			};
			name = Release;
		};
		81608A90276AFC0000AF2C88 /* Debug */ = {
			isa = XCBuildConfiguration;
			baseConfigurationReference = 4EAB0BBA2D4A86CA1CF96073 /* Pods-APODTests.debug.xcconfig */;
			buildSettings = {
				BUNDLE_LOADER = "$(TEST_HOST)";
				CODE_SIGN_STYLE = Automatic;
				CURRENT_PROJECT_VERSION = 1;
				DEVELOPMENT_TEAM = F6NSS5E286;
				GENERATE_INFOPLIST_FILE = YES;
				IPHONEOS_DEPLOYMENT_TARGET = 15.0;
				LD_RUNPATH_SEARCH_PATHS = (
					"$(inherited)",
					"@executable_path/Frameworks",
					"@loader_path/Frameworks",
				);
				MARKETING_VERSION = 1.0;
				PRODUCT_BUNDLE_IDENTIFIER = com.hd3vc0.APODTests;
				PRODUCT_NAME = "$(TARGET_NAME)";
				SWIFT_EMIT_LOC_STRINGS = NO;
				TARGETED_DEVICE_FAMILY = "1,2";
				TEST_HOST = "$(BUILT_PRODUCTS_DIR)/APOD.app/APOD";
			};
			name = Debug;
		};
		81608A91276AFC0000AF2C88 /* Release */ = {
			isa = XCBuildConfiguration;
			baseConfigurationReference = 8F2FD49EADC40C97EF26C30C /* Pods-APODTests.release.xcconfig */;
			buildSettings = {
				BUNDLE_LOADER = "$(TEST_HOST)";
				CODE_SIGN_STYLE = Automatic;
				CURRENT_PROJECT_VERSION = 1;
				DEVELOPMENT_TEAM = F6NSS5E286;
				GENERATE_INFOPLIST_FILE = YES;
				IPHONEOS_DEPLOYMENT_TARGET = 15.0;
				LD_RUNPATH_SEARCH_PATHS = (
					"$(inherited)",
					"@executable_path/Frameworks",
					"@loader_path/Frameworks",
				);
				MARKETING_VERSION = 1.0;
				PRODUCT_BUNDLE_IDENTIFIER = com.hd3vc0.APODTests;
				PRODUCT_NAME = "$(TARGET_NAME)";
				SWIFT_EMIT_LOC_STRINGS = NO;
				TARGETED_DEVICE_FAMILY = "1,2";
				TEST_HOST = "$(BUILT_PRODUCTS_DIR)/APOD.app/APOD";
			};
			name = Release;
		};
		81608A93276AFC0000AF2C88 /* Debug */ = {
			isa = XCBuildConfiguration;
			baseConfigurationReference = 4A8B02CA0F41911E75D93ABA /* Pods-APOD-APODUITests.debug.xcconfig */;
			buildSettings = {
				CODE_SIGN_STYLE = Automatic;
				CURRENT_PROJECT_VERSION = 1;
				DEVELOPMENT_TEAM = F6NSS5E286;
				GENERATE_INFOPLIST_FILE = YES;
				LD_RUNPATH_SEARCH_PATHS = (
					"$(inherited)",
					"@executable_path/Frameworks",
					"@loader_path/Frameworks",
				);
				MARKETING_VERSION = 1.0;
				PRODUCT_BUNDLE_IDENTIFIER = com.hd3vc0.APODUITests;
				PRODUCT_NAME = "$(TARGET_NAME)";
				SWIFT_EMIT_LOC_STRINGS = NO;
				TARGETED_DEVICE_FAMILY = "1,2";
				TEST_TARGET_NAME = APOD;
			};
			name = Debug;
		};
		81608A94276AFC0000AF2C88 /* Release */ = {
			isa = XCBuildConfiguration;
			baseConfigurationReference = 96ED5B6176021DD5A4321B58 /* Pods-APOD-APODUITests.release.xcconfig */;
			buildSettings = {
				CODE_SIGN_STYLE = Automatic;
				CURRENT_PROJECT_VERSION = 1;
				DEVELOPMENT_TEAM = F6NSS5E286;
				GENERATE_INFOPLIST_FILE = YES;
				LD_RUNPATH_SEARCH_PATHS = (
					"$(inherited)",
					"@executable_path/Frameworks",
					"@loader_path/Frameworks",
				);
				MARKETING_VERSION = 1.0;
				PRODUCT_BUNDLE_IDENTIFIER = com.hd3vc0.APODUITests;
				PRODUCT_NAME = "$(TARGET_NAME)";
				SWIFT_EMIT_LOC_STRINGS = NO;
				TARGETED_DEVICE_FAMILY = "1,2";
				TEST_TARGET_NAME = APOD;
			};
			name = Release;
		};
/* End XCBuildConfiguration section */

/* Begin XCConfigurationList section */
		81608A58276AFBFF00AF2C88 /* Build configuration list for PBXProject "APOD" */ = {
			isa = XCConfigurationList;
			buildConfigurations = (
				81608A8A276AFC0000AF2C88 /* Debug */,
				81608A8B276AFC0000AF2C88 /* Release */,
			);
			defaultConfigurationIsVisible = 0;
			defaultConfigurationName = Release;
		};
		81608A8C276AFC0000AF2C88 /* Build configuration list for PBXNativeTarget "APOD" */ = {
			isa = XCConfigurationList;
			buildConfigurations = (
				81608A8D276AFC0000AF2C88 /* Debug */,
				81608A8E276AFC0000AF2C88 /* Release */,
			);
			defaultConfigurationIsVisible = 0;
			defaultConfigurationName = Release;
		};
		81608A8F276AFC0000AF2C88 /* Build configuration list for PBXNativeTarget "APODTests" */ = {
			isa = XCConfigurationList;
			buildConfigurations = (
				81608A90276AFC0000AF2C88 /* Debug */,
				81608A91276AFC0000AF2C88 /* Release */,
			);
			defaultConfigurationIsVisible = 0;
			defaultConfigurationName = Release;
		};
		81608A92276AFC0000AF2C88 /* Build configuration list for PBXNativeTarget "APODUITests" */ = {
			isa = XCConfigurationList;
			buildConfigurations = (
				81608A93276AFC0000AF2C88 /* Debug */,
				81608A94276AFC0000AF2C88 /* Release */,
			);
			defaultConfigurationIsVisible = 0;
			defaultConfigurationName = Release;
		};
/* End XCConfigurationList section */
	};
	rootObject = 81608A55276AFBFF00AF2C88 /* Project object */;
}
